
Microsoft Visual Studio Solution File, Format Version 12.00
# Visual Studio Version 16
VisualStudioVersion = 16.0.32413.511
MinimumVisualStudioVersion = 10.0.40219.1
Project("{8BC9CEB8-8B4A-11D0-8D11-00A0C91BC942}") = "ServerRequests", "ServerRequests.vcxproj", "{404917B7-0343-4A36-BDC2-CA1C121EC34F}"
EndProject
Global
	GlobalSection(SolutionConfigurationPlatforms) = preSolution
		Debug|x64 = Debug|x64
		Debug|x86 = Debug|x86
		Release|x64 = Release|x64
		Release|x86 = Release|x86
	EndGlobalSection
	GlobalSection(ProjectConfigurationPlatforms) = postSolution
		{404917B7-0343-4A36-BDC2-CA1C121EC34F}.Debug|x64.ActiveCfg = Debug|x64
		{404917B7-0343-4A36-BDC2-CA1C121EC34F}.Debug|x64.Build.0 = Debug|x64
		{404917B7-0343-4A36-BDC2-CA1C121EC34F}.Debug|x86.ActiveCfg = Debug|Win32
		{404917B7-0343-4A36-BDC2-CA1C121EC34F}.Debug|x86.Build.0 = Debug|Win32
		{404917B7-0343-4A36-BDC2-CA1C121EC34F}.Release|x64.ActiveCfg = Release|x64
		{404917B7-0343-4A36-BDC2-CA1C121EC34F}.Release|x64.Build.0 = Release|x64
		{404917B7-0343-4A36-BDC2-CA1C121EC34F}.Release|x86.ActiveCfg = Release|Win32
		{404917B7-0343-4A36-BDC2-CA1C121EC34F}.Release|x86.Build.0 = Release|Win32
	EndGlobalSection
	GlobalSection(SolutionProperties) = preSolution
		HideSolutionNode = FALSE
	EndGlobalSection
	GlobalSection(ExtensibilityGlobals) = postSolution
		SolutionGuid = {999874BF-BA7B-43B7-9770-2D81F50BAE41}
	EndGlobalSection
EndGlobal
